
Microsoft Visual Studio Solution File, Format Version 12.00
# Visual Studio Version 16
VisualStudioVersion = 16.0.31321.278
MinimumVisualStudioVersion = 10.0.40219.1
Project("{8BC9CEB8-8B4A-11D0-8D11-00A0C91BC942}") = "transformasi", "transformasi\transformasi.vcxproj", "{D1146A73-BB3E-4B32-A1EE-8A05CCE6102E}"
EndProject
Global
	GlobalSection(SolutionConfigurationPlatforms) = preSolution
		Debug|x64 = Debug|x64
		Debug|x86 = Debug|x86
		Release|x64 = Release|x64
		Release|x86 = Release|x86
	EndGlobalSection
	GlobalSection(ProjectConfigurationPlatforms) = postSolution
		{D1146A73-BB3E-4B32-A1EE-8A05CCE6102E}.Debug|x64.ActiveCfg = Debug|x64
		{D1146A73-BB3E-4B32-A1EE-8A05CCE6102E}.Debug|x64.Build.0 = Debug|x64
		{D1146A73-BB3E-4B32-A1EE-8A05CCE6102E}.Debug|x86.ActiveCfg = Debug|Win32
		{D1146A73-BB3E-4B32-A1EE-8A05CCE6102E}.Debug|x86.Build.0 = Debug|Win32
		{D1146A73-BB3E-4B32-A1EE-8A05CCE6102E}.Release|x64.ActiveCfg = Release|x64
		{D1146A73-BB3E-4B32-A1EE-8A05CCE6102E}.Release|x64.Build.0 = Release|x64
		{D1146A73-BB3E-4B32-A1EE-8A05CCE6102E}.Release|x86.ActiveCfg = Release|Win32
		{D1146A73-BB3E-4B32-A1EE-8A05CCE6102E}.Release|x86.Build.0 = Release|Win32
	EndGlobalSection
	GlobalSection(SolutionProperties) = preSolution
		HideSolutionNode = FALSE
	EndGlobalSection
	GlobalSection(ExtensibilityGlobals) = postSolution
		SolutionGuid = {9E88C422-1B0C-4C9C-B770-28103C1783CD}
	EndGlobalSection
EndGlobal
